{
  "object": {
    "pins": [
      {
        "package": "SwiftFastText",
        "repositoryURL": "https://github.com/JacopoMangiavacchi/SwiftFastText.git",
        "state": {
          "branch": null,
          "revision": "0b3c2acb17ec23e9768761e6a4660e9395b521fc",
          "version": "0.0.3"
        }
      },
      {
        "package": "SwiftPipeline",
        "repositoryURL": "https://72647efd21d8975ca6302e1c755c0f9493e14588:x-oauth-basic@github.com/JacopoMangiavacchi/SwiftPipeline.git",
        "state": {
          "branch": null,
          "revision": "6058c2f4572681e451d17186fb613b38dcc60993",
          "version": "0.1.2"
        }
      }
    ]
  },
  "version": 1
}
